// !$*UTF8*$!
{
	archiveVersion = 1;
	classes = {
	};
	objectVersion = 46;
	objects = {

/* Begin PBXBuildFile section */
		9C7460B518F6CEDB00C09946 /* Foundation.framework in Frameworks */ = {isa = PBXBuildFile; fileRef = 9C7460B418F6CEDB00C09946 /* Foundation.framework */; };
		9C7460B718F6CEDB00C09946 /* CoreGraphics.framework in Frameworks */ = {isa = PBXBuildFile; fileRef = 9C7460B618F6CEDB00C09946 /* CoreGraphics.framework */; };
		9C7460B918F6CEDB00C09946 /* UIKit.framework in Frameworks */ = {isa = PBXBuildFile; fileRef = 9C7460B818F6CEDB00C09946 /* UIKit.framework */; };
		9C7460BF18F6CEDC00C09946 /* InfoPlist.strings in Resources */ = {isa = PBXBuildFile; fileRef = 9C7460BD18F6CEDC00C09946 /* InfoPlist.strings */; };
		9C7460C118F6CEDC00C09946 /* main.m in Sources */ = {isa = PBXBuildFile; fileRef = 9C7460C018F6CEDC00C09946 /* main.m */; };
		9C7460C518F6CEDC00C09946 /* AppDelegate.m in Sources */ = {isa = PBXBuildFile; fileRef = 9C7460C418F6CEDC00C09946 /* AppDelegate.m */; };
		9C7460C818F6CEDC00C09946 /* Main_iPhone.storyboard in Resources */ = {isa = PBXBuildFile; fileRef = 9C7460C618F6CEDC00C09946 /* Main_iPhone.storyboard */; };
		9C7460CB18F6CEDD00C09946 /* Main_iPad.storyboard in Resources */ = {isa = PBXBuildFile; fileRef = 9C7460C918F6CEDD00C09946 /* Main_iPad.storyboard */; };
		9C7460CE18F6CEDD00C09946 /* ViewController.m in Sources */ = {isa = PBXBuildFile; fileRef = 9C7460CD18F6CEDD00C09946 /* ViewController.m */; };
		9C7460D018F6CEDD00C09946 /* Images.xcassets in Resources */ = {isa = PBXBuildFile; fileRef = 9C7460CF18F6CEDD00C09946 /* Images.xcassets */; };
		9C7460D718F6CEDF00C09946 /* XCTest.framework in Frameworks */ = {isa = PBXBuildFile; fileRef = 9C7460D618F6CEDF00C09946 /* XCTest.framework */; };
		9C7460D818F6CEDF00C09946 /* Foundation.framework in Frameworks */ = {isa = PBXBuildFile; fileRef = 9C7460B418F6CEDB00C09946 /* Foundation.framework */; };
		9C7460D918F6CEDF00C09946 /* UIKit.framework in Frameworks */ = {isa = PBXBuildFile; fileRef = 9C7460B818F6CEDB00C09946 /* UIKit.framework */; };
		9C7460E118F6CEDF00C09946 /* InfoPlist.strings in Resources */ = {isa = PBXBuildFile; fileRef = 9C7460DF18F6CEDF00C09946 /* InfoPlist.strings */; };
		9C7460E318F6CEDF00C09946 /* animatedToolBarTests.m in Sources */ = {isa = PBXBuildFile; fileRef = 9C7460E218F6CEDF00C09946 /* animatedToolBarTests.m */; };
		9CC43AFB18F823FD003765E3 /* iPadPortraitToolBar.png in Resources */ = {isa = PBXBuildFile; fileRef = 9CC43AFA18F823FD003765E3 /* iPadPortraitToolBar.png */; };
		9CC43AFD18F82482003765E3 /* iPadLandscapeToolBar.png in Resources */ = {isa = PBXBuildFile; fileRef = 9CC43AFC18F82482003765E3 /* iPadLandscapeToolBar.png */; };
		9CC43B0318F82946003765E3 /* iPhone40PortraitToolBar.png in Resources */ = {isa = PBXBuildFile; fileRef = 9CC43B0218F82946003765E3 /* iPhone40PortraitToolBar.png */; };
		9CC8D6D818F86A5F001BD04F /* iPhone40LandscapeToolBar.png in Resources */ = {isa = PBXBuildFile; fileRef = 9CC8D6D718F86A5F001BD04F /* iPhone40LandscapeToolBar.png */; };
		9CC8D6DB18F8890C001BD04F /* iPhone35PortraitToolBar.png in Resources */ = {isa = PBXBuildFile; fileRef = 9CC8D6DA18F8890C001BD04F /* iPhone35PortraitToolBar.png */; };
/* End PBXBuildFile section */

/* Begin PBXContainerItemProxy section */
		9C7460DA18F6CEDF00C09946 /* PBXContainerItemProxy */ = {
			isa = PBXContainerItemProxy;
			containerPortal = 9C7460A918F6CEDB00C09946 /* Project object */;
			proxyType = 1;
			remoteGlobalIDString = 9C7460B018F6CEDB00C09946;
			remoteInfo = animatedToolBar;
		};
/* End PBXContainerItemProxy section */

/* Begin PBXFileReference section */
		9C7460B118F6CEDB00C09946 /* animatedToolBar.app */ = {isa = PBXFileReference; explicitFileType = wrapper.application; includeInIndex = 0; path = animatedToolBar.app; sourceTree = BUILT_PRODUCTS_DIR; };
		9C7460B418F6CEDB00C09946 /* Foundation.framework */ = {isa = PBXFileReference; lastKnownFileType = wrapper.framework; name = Foundation.framework; path = System/Library/Frameworks/Foundation.framework; sourceTree = SDKROOT; };
		9C7460B618F6CEDB00C09946 /* CoreGraphics.framework */ = {isa = PBXFileReference; lastKnownFileType = wrapper.framework; name = CoreGraphics.framework; path = System/Library/Frameworks/CoreGraphics.framework; sourceTree = SDKROOT; };
		9C7460B818F6CEDB00C09946 /* UIKit.framework */ = {isa = PBXFileReference; lastKnownFileType = wrapper.framework; name = UIKit.framework; path = System/Library/Frameworks/UIKit.framework; sourceTree = SDKROOT; };
		9C7460BC18F6CEDC00C09946 /* animatedToolBar-Info.plist */ = {isa = PBXFileReference; lastKnownFileType = text.plist.xml; path = "animatedToolBar-Info.plist"; sourceTree = "<group>"; };
		9C7460BE18F6CEDC00C09946 /* en */ = {isa = PBXFileReference; lastKnownFileType = text.plist.strings; name = en; path = en.lproj/InfoPlist.strings; sourceTree = "<group>"; };
		9C7460C018F6CEDC00C09946 /* main.m */ = {isa = PBXFileReference; lastKnownFileType = sourcecode.c.objc; path = main.m; sourceTree = "<group>"; };
		9C7460C218F6CEDC00C09946 /* animatedToolBar-Prefix.pch */ = {isa = PBXFileReference; lastKnownFileType = sourcecode.c.h; path = "animatedToolBar-Prefix.pch"; sourceTree = "<group>"; };
		9C7460C318F6CEDC00C09946 /* AppDelegate.h */ = {isa = PBXFileReference; lastKnownFileType = sourcecode.c.h; path = AppDelegate.h; sourceTree = "<group>"; };
		9C7460C418F6CEDC00C09946 /* AppDelegate.m */ = {isa = PBXFileReference; lastKnownFileType = sourcecode.c.objc; path = AppDelegate.m; sourceTree = "<group>"; };
		9C7460C718F6CEDC00C09946 /* Base */ = {isa = PBXFileReference; lastKnownFileType = file.storyboard; name = Base; path = Base.lproj/Main_iPhone.storyboard; sourceTree = "<group>"; };
		9C7460CA18F6CEDD00C09946 /* Base */ = {isa = PBXFileReference; lastKnownFileType = file.storyboard; name = Base; path = Base.lproj/Main_iPad.storyboard; sourceTree = "<group>"; };
		9C7460CC18F6CEDD00C09946 /* ViewController.h */ = {isa = PBXFileReference; lastKnownFileType = sourcecode.c.h; path = ViewController.h; sourceTree = "<group>"; };
		9C7460CD18F6CEDD00C09946 /* ViewController.m */ = {isa = PBXFileReference; lastKnownFileType = sourcecode.c.objc; path = ViewController.m; sourceTree = "<group>"; };
		9C7460CF18F6CEDD00C09946 /* Images.xcassets */ = {isa = PBXFileReference; lastKnownFileType = folder.assetcatalog; path = Images.xcassets; sourceTree = "<group>"; };
		9C7460D518F6CEDF00C09946 /* animatedToolBarTests.xctest */ = {isa = PBXFileReference; explicitFileType = wrapper.cfbundle; includeInIndex = 0; path = animatedToolBarTests.xctest; sourceTree = BUILT_PRODUCTS_DIR; };
		9C7460D618F6CEDF00C09946 /* XCTest.framework */ = {isa = PBXFileReference; lastKnownFileType = wrapper.framework; name = XCTest.framework; path = Library/Frameworks/XCTest.framework; sourceTree = DEVELOPER_DIR; };
		9C7460DE18F6CEDF00C09946 /* animatedToolBarTests-Info.plist */ = {isa = PBXFileReference; lastKnownFileType = text.plist.xml; path = "animatedToolBarTests-Info.plist"; sourceTree = "<group>"; };
		9C7460E018F6CEDF00C09946 /* en */ = {isa = PBXFileReference; lastKnownFileType = text.plist.strings; name = en; path = en.lproj/InfoPlist.strings; sourceTree = "<group>"; };
		9C7460E218F6CEDF00C09946 /* animatedToolBarTests.m */ = {isa = PBXFileReference; lastKnownFileType = sourcecode.c.objc; path = animatedToolBarTests.m; sourceTree = "<group>"; };
		9CC43AFA18F823FD003765E3 /* iPadPortraitToolBar.png */ = {isa = PBXFileReference; lastKnownFileType = image.png; path = iPadPortraitToolBar.png; sourceTree = "<group>"; };
		9CC43AFC18F82482003765E3 /* iPadLandscapeToolBar.png */ = {isa = PBXFileReference; lastKnownFileType = image.png; path = iPadLandscapeToolBar.png; sourceTree = "<group>"; };
		9CC43B0218F82946003765E3 /* iPhone40PortraitToolBar.png */ = {isa = PBXFileReference; lastKnownFileType = image.png; path = iPhone40PortraitToolBar.png; sourceTree = "<group>"; };
		9CC8D6D718F86A5F001BD04F /* iPhone40LandscapeToolBar.png */ = {isa = PBXFileReference; lastKnownFileType = image.png; path = iPhone40LandscapeToolBar.png; sourceTree = "<group>"; };
		9CC8D6DA18F8890C001BD04F /* iPhone35PortraitToolBar.png */ = {isa = PBXFileReference; lastKnownFileType = image.png; path = iPhone35PortraitToolBar.png; sourceTree = "<group>"; };
/* End PBXFileReference section */

/* Begin PBXFrameworksBuildPhase section */
		9C7460AE18F6CEDB00C09946 /* Frameworks */ = {
			isa = PBXFrameworksBuildPhase;
			buildActionMask = 2147483647;
			files = (
				9C7460B718F6CEDB00C09946 /* CoreGraphics.framework in Frameworks */,
				9C7460B918F6CEDB00C09946 /* UIKit.framework in Frameworks */,
				9C7460B518F6CEDB00C09946 /* Foundation.framework in Frameworks */,
			);
			runOnlyForDeploymentPostprocessing = 0;
		};
		9C7460D218F6CEDF00C09946 /* Frameworks */ = {
			isa = PBXFrameworksBuildPhase;
			buildActionMask = 2147483647;
			files = (
				9C7460D718F6CEDF00C09946 /* XCTest.framework in Frameworks */,
				9C7460D918F6CEDF00C09946 /* UIKit.framework in Frameworks */,
				9C7460D818F6CEDF00C09946 /* Foundation.framework in Frameworks */,
			);
			runOnlyForDeploymentPostprocessing = 0;
		};
/* End PBXFrameworksBuildPhase section */

/* Begin PBXGroup section */
		9C7460A818F6CEDA00C09946 = {
			isa = PBXGroup;
			children = (
				9C7460BA18F6CEDB00C09946 /* animatedToolBar */,
				9C7460DC18F6CEDF00C09946 /* animatedToolBarTests */,
				9C7460B318F6CEDB00C09946 /* Frameworks */,
				9C7460B218F6CEDB00C09946 /* Products */,
			);
			sourceTree = "<group>";
		};
		9C7460B218F6CEDB00C09946 /* Products */ = {
			isa = PBXGroup;
			children = (
				9C7460B118F6CEDB00C09946 /* animatedToolBar.app */,
				9C7460D518F6CEDF00C09946 /* animatedToolBarTests.xctest */,
			);
			name = Products;
			sourceTree = "<group>";
		};
		9C7460B318F6CEDB00C09946 /* Frameworks */ = {
			isa = PBXGroup;
			children = (
				9C7460B418F6CEDB00C09946 /* Foundation.framework */,
				9C7460B618F6CEDB00C09946 /* CoreGraphics.framework */,
				9C7460B818F6CEDB00C09946 /* UIKit.framework */,
				9C7460D618F6CEDF00C09946 /* XCTest.framework */,
			);
			name = Frameworks;
			sourceTree = "<group>";
		};
		9C7460BA18F6CEDB00C09946 /* animatedToolBar */ = {
			isa = PBXGroup;
			children = (
				9C7460C318F6CEDC00C09946 /* AppDelegate.h */,
				9C7460C418F6CEDC00C09946 /* AppDelegate.m */,
				9C7460C618F6CEDC00C09946 /* Main_iPhone.storyboard */,
				9C7460C918F6CEDD00C09946 /* Main_iPad.storyboard */,
				9C7460CC18F6CEDD00C09946 /* ViewController.h */,
				9C7460CD18F6CEDD00C09946 /* ViewController.m */,
				9C7460CF18F6CEDD00C09946 /* Images.xcassets */,
				9C7460BB18F6CEDC00C09946 /* Supporting Files */,
			);
			path = animatedToolBar;
			sourceTree = "<group>";
		};
		9C7460BB18F6CEDC00C09946 /* Supporting Files */ = {
			isa = PBXGroup;
			children = (
				9CC43AF618F6D435003765E3 /* images */,
				9C7460BC18F6CEDC00C09946 /* animatedToolBar-Info.plist */,
				9C7460BD18F6CEDC00C09946 /* InfoPlist.strings */,
				9C7460C018F6CEDC00C09946 /* main.m */,
				9C7460C218F6CEDC00C09946 /* animatedToolBar-Prefix.pch */,
			);
			name = "Supporting Files";
			sourceTree = "<group>";
		};
		9C7460DC18F6CEDF00C09946 /* animatedToolBarTests */ = {
			isa = PBXGroup;
			children = (
				9C7460E218F6CEDF00C09946 /* animatedToolBarTests.m */,
				9C7460DD18F6CEDF00C09946 /* Supporting Files */,
			);
			path = animatedToolBarTests;
			sourceTree = "<group>";
		};
		9C7460DD18F6CEDF00C09946 /* Supporting Files */ = {
			isa = PBXGroup;
			children = (
				9C7460DE18F6CEDF00C09946 /* animatedToolBarTests-Info.plist */,
				9C7460DF18F6CEDF00C09946 /* InfoPlist.strings */,
			);
			name = "Supporting Files";
			sourceTree = "<group>";
		};
		9CC43AF618F6D435003765E3 /* images */ = {
			isa = PBXGroup;
			children = (
				9CC43AFE18F82848003765E3 /* iPhone */,
				9CC43AF718F6D490003765E3 /* iPad */,
			);
			name = images;
			sourceTree = "<group>";
		};
		9CC43AF718F6D490003765E3 /* iPad */ = {
			isa = PBXGroup;
			children = (
				9CC43AFC18F82482003765E3 /* iPadLandscapeToolBar.png */,
				9CC43AFA18F823FD003765E3 /* iPadPortraitToolBar.png */,
			);
			name = iPad;
			sourceTree = "<group>";
		};
		9CC43AFE18F82848003765E3 /* iPhone */ = {
			isa = PBXGroup;
			children = (
				9CC8D6D918F88900001BD04F /* 3_5 inch */,
				9CC43AFF18F82863003765E3 /* 4_0 inch */,
			);
			name = iPhone;
			sourceTree = "<group>";
		};
		9CC43AFF18F82863003765E3 /* 4_0 inch */ = {
			isa = PBXGroup;
			children = (
				9CC43B0218F82946003765E3 /* iPhone40PortraitToolBar.png */,
				9CC8D6D718F86A5F001BD04F /* iPhone40LandscapeToolBar.png */,
			);
			name = "4_0 inch";
			sourceTree = "<group>";
		};
		9CC8D6D918F88900001BD04F /* 3_5 inch */ = {
			isa = PBXGroup;
			children = (
				9CC8D6DA18F8890C001BD04F /* iPhone35PortraitToolBar.png */,
			);
			name = "3_5 inch";
			sourceTree = "<group>";
		};
/* End PBXGroup section */

/* Begin PBXNativeTarget section */
		9C7460B018F6CEDB00C09946 /* animatedToolBar */ = {
			isa = PBXNativeTarget;
			buildConfigurationList = 9C7460E618F6CEDF00C09946 /* Build configuration list for PBXNativeTarget "animatedToolBar" */;
			buildPhases = (
				9C7460AD18F6CEDB00C09946 /* Sources */,
				9C7460AE18F6CEDB00C09946 /* Frameworks */,
				9C7460AF18F6CEDB00C09946 /* Resources */,
			);
			buildRules = (
			);
			dependencies = (
			);
			name = animatedToolBar;
			productName = animatedToolBar;
			productReference = 9C7460B118F6CEDB00C09946 /* animatedToolBar.app */;
			productType = "com.apple.product-type.application";
		};
		9C7460D418F6CEDF00C09946 /* animatedToolBarTests */ = {
			isa = PBXNativeTarget;
			buildConfigurationList = 9C7460E918F6CEDF00C09946 /* Build configuration list for PBXNativeTarget "animatedToolBarTests" */;
			buildPhases = (
				9C7460D118F6CEDF00C09946 /* Sources */,
				9C7460D218F6CEDF00C09946 /* Frameworks */,
				9C7460D318F6CEDF00C09946 /* Resources */,
			);
			buildRules = (
			);
			dependencies = (
				9C7460DB18F6CEDF00C09946 /* PBXTargetDependency */,
			);
			name = animatedToolBarTests;
			productName = animatedToolBarTests;
			productReference = 9C7460D518F6CEDF00C09946 /* animatedToolBarTests.xctest */;
			productType = "com.apple.product-type.bundle.unit-test";
		};
/* End PBXNativeTarget section */

/* Begin PBXProject section */
		9C7460A918F6CEDB00C09946 /* Project object */ = {
			isa = PBXProject;
			attributes = {
				LastUpgradeCheck = 0510;
				ORGANIZATIONNAME = "Marcelo Sampaio";
				TargetAttributes = {
					9C7460D418F6CEDF00C09946 = {
						TestTargetID = 9C7460B018F6CEDB00C09946;
					};
				};
			};
			buildConfigurationList = 9C7460AC18F6CEDB00C09946 /* Build configuration list for PBXProject "animatedToolBar" */;
			compatibilityVersion = "Xcode 3.2";
			developmentRegion = English;
			hasScannedForEncodings = 0;
			knownRegions = (
				en,
				Base,
			);
			mainGroup = 9C7460A818F6CEDA00C09946;
			productRefGroup = 9C7460B218F6CEDB00C09946 /* Products */;
			projectDirPath = "";
			projectRoot = "";
			targets = (
				9C7460B018F6CEDB00C09946 /* animatedToolBar */,
				9C7460D418F6CEDF00C09946 /* animatedToolBarTests */,
			);
		};
/* End PBXProject section */

/* Begin PBXResourcesBuildPhase section */
		9C7460AF18F6CEDB00C09946 /* Resources */ = {
			isa = PBXResourcesBuildPhase;
			buildActionMask = 2147483647;
			files = (
				9C7460CB18F6CEDD00C09946 /* Main_iPad.storyboard in Resources */,
				9C7460D018F6CEDD00C09946 /* Images.xcassets in Resources */,
				9CC8D6DB18F8890C001BD04F /* iPhone35PortraitToolBar.png in Resources */,
				9C7460C818F6CEDC00C09946 /* Main_iPhone.storyboard in Resources */,
				9CC43AFD18F82482003765E3 /* iPadLandscapeToolBar.png in Resources */,
				9CC8D6D818F86A5F001BD04F /* iPhone40LandscapeToolBar.png in Resources */,
				9C7460BF18F6CEDC00C09946 /* InfoPlist.strings in Resources */,
				9CC43B0318F82946003765E3 /* iPhone40PortraitToolBar.png in Resources */,
				9CC43AFB18F823FD003765E3 /* iPadPortraitToolBar.png in Resources */,
			);
			runOnlyForDeploymentPostprocessing = 0;
		};
		9C7460D318F6CEDF00C09946 /* Resources */ = {
			isa = PBXResourcesBuildPhase;
			buildActionMask = 2147483647;
			files = (
				9C7460E118F6CEDF00C09946 /* InfoPlist.strings in Resources */,
			);
			runOnlyForDeploymentPostprocessing = 0;
		};
/* End PBXResourcesBuildPhase section */

/* Begin PBXSourcesBuildPhase section */
		9C7460AD18F6CEDB00C09946 /* Sources */ = {
			isa = PBXSourcesBuildPhase;
			buildActionMask = 2147483647;
			files = (
				9C7460CE18F6CEDD00C09946 /* ViewController.m in Sources */,
				9C7460C518F6CEDC00C09946 /* AppDelegate.m in Sources */,
				9C7460C118F6CEDC00C09946 /* main.m in Sources */,
			);
			runOnlyForDeploymentPostprocessing = 0;
		};
		9C7460D118F6CEDF00C09946 /* Sources */ = {
			isa = PBXSourcesBuildPhase;
			buildActionMask = 2147483647;
			files = (
				9C7460E318F6CEDF00C09946 /* animatedToolBarTests.m in Sources */,
			);
			runOnlyForDeploymentPostprocessing = 0;
		};
/* End PBXSourcesBuildPhase section */

/* Begin PBXTargetDependency section */
		9C7460DB18F6CEDF00C09946 /* PBXTargetDependency */ = {
			isa = PBXTargetDependency;
			target = 9C7460B018F6CEDB00C09946 /* animatedToolBar */;
			targetProxy = 9C7460DA18F6CEDF00C09946 /* PBXContainerItemProxy */;
		};
/* End PBXTargetDependency section */

/* Begin PBXVariantGroup section */
		9C7460BD18F6CEDC00C09946 /* InfoPlist.strings */ = {
			isa = PBXVariantGroup;
			children = (
				9C7460BE18F6CEDC00C09946 /* en */,
			);
			name = InfoPlist.strings;
			sourceTree = "<group>";
		};
		9C7460C618F6CEDC00C09946 /* Main_iPhone.storyboard */ = {
			isa = PBXVariantGroup;
			children = (
				9C7460C718F6CEDC00C09946 /* Base */,
			);
			name = Main_iPhone.storyboard;
			sourceTree = "<group>";
		};
		9C7460C918F6CEDD00C09946 /* Main_iPad.storyboard */ = {
			isa = PBXVariantGroup;
			children = (
				9C7460CA18F6CEDD00C09946 /* Base */,
			);
			name = Main_iPad.storyboard;
			sourceTree = "<group>";
		};
		9C7460DF18F6CEDF00C09946 /* InfoPlist.strings */ = {
			isa = PBXVariantGroup;
			children = (
				9C7460E018F6CEDF00C09946 /* en */,
			);
			name = InfoPlist.strings;
			sourceTree = "<group>";
		};
/* End PBXVariantGroup section */

/* Begin XCBuildConfiguration section */
		9C7460E418F6CEDF00C09946 /* Debug */ = {
			isa = XCBuildConfiguration;
			buildSettings = {
				ALWAYS_SEARCH_USER_PATHS = NO;
				CLANG_CXX_LANGUAGE_STANDARD = "gnu++0x";
				CLANG_CXX_LIBRARY = "libc++";
				CLANG_ENABLE_MODULES = YES;
				CLANG_ENABLE_OBJC_ARC = YES;
				CLANG_WARN_BOOL_CONVERSION = YES;
				CLANG_WARN_CONSTANT_CONVERSION = YES;
				CLANG_WARN_DIRECT_OBJC_ISA_USAGE = YES_ERROR;
				CLANG_WARN_EMPTY_BODY = YES;
				CLANG_WARN_ENUM_CONVERSION = YES;
				CLANG_WARN_INT_CONVERSION = YES;
				CLANG_WARN_OBJC_ROOT_CLASS = YES_ERROR;
				CLANG_WARN__DUPLICATE_METHOD_MATCH = YES;
				"CODE_SIGN_IDENTITY[sdk=iphoneos*]" = "iPhone Developer";
				COPY_PHASE_STRIP = NO;
				GCC_C_LANGUAGE_STANDARD = gnu99;
				GCC_DYNAMIC_NO_PIC = NO;
				GCC_OPTIMIZATION_LEVEL = 0;
				GCC_PREPROCESSOR_DEFINITIONS = (
					"DEBUG=1",
					"$(inherited)",
				);
				GCC_SYMBOLS_PRIVATE_EXTERN = NO;
				GCC_WARN_64_TO_32_BIT_CONVERSION = YES;
				GCC_WARN_ABOUT_RETURN_TYPE = YES_ERROR;
				GCC_WARN_UNDECLARED_SELECTOR = YES;
				GCC_WARN_UNINITIALIZED_AUTOS = YES_AGGRESSIVE;
				GCC_WARN_UNUSED_FUNCTION = YES;
				GCC_WARN_UNUSED_VARIABLE = YES;
				IPHONEOS_DEPLOYMENT_TARGET = 7.1;
				ONLY_ACTIVE_ARCH = YES;
				SDKROOT = iphoneos;
				TARGETED_DEVICE_FAMILY = "1,2";
			};
			name = Debug;
		};
		9C7460E518F6CEDF00C09946 /* Release */ = {
			isa = XCBuildConfiguration;
			buildSettings = {
				ALWAYS_SEARCH_USER_PATHS = NO;
				CLANG_CXX_LANGUAGE_STANDARD = "gnu++0x";
				CLANG_CXX_LIBRARY = "libc++";
				CLANG_ENABLE_MODULES = YES;
				CLANG_ENABLE_OBJC_ARC = YES;
				CLANG_WARN_BOOL_CONVERSION = YES;
				CLANG_WARN_CONSTANT_CONVERSION = YES;
				CLANG_WARN_DIRECT_OBJC_ISA_USAGE = YES_ERROR;
				CLANG_WARN_EMPTY_BODY = YES;
				CLANG_WARN_ENUM_CONVERSION = YES;
				CLANG_WARN_INT_CONVERSION = YES;
				CLANG_WARN_OBJC_ROOT_CLASS = YES_ERROR;
				CLANG_WARN__DUPLICATE_METHOD_MATCH = YES;
				"CODE_SIGN_IDENTITY[sdk=iphoneos*]" = "iPhone Developer";
				COPY_PHASE_STRIP = YES;
				ENABLE_NS_ASSERTIONS = NO;
				GCC_C_LANGUAGE_STANDARD = gnu99;
				GCC_WARN_64_TO_32_BIT_CONVERSION = YES;
				GCC_WARN_ABOUT_RETURN_TYPE = YES_ERROR;
				GCC_WARN_UNDECLARED_SELECTOR = YES;
				GCC_WARN_UNINITIALIZED_AUTOS = YES_AGGRESSIVE;
				GCC_WARN_UNUSED_FUNCTION = YES;
				GCC_WARN_UNUSED_VARIABLE = YES;
				IPHONEOS_DEPLOYMENT_TARGET = 7.1;
				SDKROOT = iphoneos;
				TARGETED_DEVICE_FAMILY = "1,2";
				VALIDATE_PRODUCT = YES;
			};
			name = Release;
		};
		9C7460E718F6CEDF00C09946 /* Debug */ = {
			isa = XCBuildConfiguration;
			buildSettings = {
				ASSETCATALOG_COMPILER_APPICON_NAME = AppIcon;
				ASSETCATALOG_COMPILER_LAUNCHIMAGE_NAME = LaunchImage;
				GCC_PRECOMPILE_PREFIX_HEADER = YES;
				GCC_PREFIX_HEADER = "animatedToolBar/animatedToolBar-Prefix.pch";
				INFOPLIST_FILE = "animatedToolBar/animatedToolBar-Info.plist";
				PRODUCT_NAME = "$(TARGET_NAME)";
				WRAPPER_EXTENSION = app;
			};
			name = Debug;
		};
		9C7460E818F6CEDF00C09946 /* Release */ = {
			isa = XCBuildConfiguration;
			buildSettings = {
				ASSETCATALOG_COMPILER_APPICON_NAME = AppIcon;
				ASSETCATALOG_COMPILER_LAUNCHIMAGE_NAME = LaunchImage;
				GCC_PRECOMPILE_PREFIX_HEADER = YES;
				GCC_PREFIX_HEADER = "animatedToolBar/animatedToolBar-Prefix.pch";
				INFOPLIST_FILE = "animatedToolBar/animatedToolBar-Info.plist";
				PRODUCT_NAME = "$(TARGET_NAME)";
				WRAPPER_EXTENSION = app;
			};
			name = Release;
		};
		9C7460EA18F6CEDF00C09946 /* Debug */ = {
			isa = XCBuildConfiguration;
			buildSettings = {
				BUNDLE_LOADER = "$(BUILT_PRODUCTS_DIR)/animatedToolBar.app/animatedToolBar";
				FRAMEWORK_SEARCH_PATHS = (
					"$(SDKROOT)/Developer/Library/Frameworks",
					"$(inherited)",
					"$(DEVELOPER_FRAMEWORKS_DIR)",
				);
				GCC_PRECOMPILE_PREFIX_HEADER = YES;
				GCC_PREFIX_HEADER = "animatedToolBar/animatedToolBar-Prefix.pch";
				GCC_PREPROCESSOR_DEFINITIONS = (
					"DEBUG=1",
					"$(inherited)",
				);
				INFOPLIST_FILE = "animatedToolBarTests/animatedToolBarTests-Info.plist";
				PRODUCT_NAME = "$(TARGET_NAME)";
				TEST_HOST = "$(BUNDLE_LOADER)";
				WRAPPER_EXTENSION = xctest;
			};
			name = Debug;
		};
		9C7460EB18F6CEDF00C09946 /* Release */ = {
			isa = XCBuildConfiguration;
			buildSettings = {
				BUNDLE_LOADER = "$(BUILT_PRODUCTS_DIR)/animatedToolBar.app/animatedToolBar";
				FRAMEWORK_SEARCH_PATHS = (
					"$(SDKROOT)/Developer/Library/Frameworks",
					"$(inherited)",
					"$(DEVELOPER_FRAMEWORKS_DIR)",
				);
				GCC_PRECOMPILE_PREFIX_HEADER = YES;
				GCC_PREFIX_HEADER = "animatedToolBar/animatedToolBar-Prefix.pch";
				INFOPLIST_FILE = "animatedToolBarTests/animatedToolBarTests-Info.plist";
				PRODUCT_NAME = "$(TARGET_NAME)";
				TEST_HOST = "$(BUNDLE_LOADER)";
				WRAPPER_EXTENSION = xctest;
			};
			name = Release;
		};
/* End XCBuildConfiguration section */

/* Begin XCConfigurationList section */
		9C7460AC18F6CEDB00C09946 /* Build configuration list for PBXProject "animatedToolBar" */ = {
			isa = XCConfigurationList;
			buildConfigurations = (
				9C7460E418F6CEDF00C09946 /* Debug */,
				9C7460E518F6CEDF00C09946 /* Release */,
			);
			defaultConfigurationIsVisible = 0;
			defaultConfigurationName = Release;
		};
		9C7460E618F6CEDF00C09946 /* Build configuration list for PBXNativeTarget "animatedToolBar" */ = {
			isa = XCConfigurationList;
			buildConfigurations = (
				9C7460E718F6CEDF00C09946 /* Debug */,
				9C7460E818F6CEDF00C09946 /* Release */,
			);
			defaultConfigurationIsVisible = 0;
			defaultConfigurationName = Release;
		};
		9C7460E918F6CEDF00C09946 /* Build configuration list for PBXNativeTarget "animatedToolBarTests" */ = {
			isa = XCConfigurationList;
			buildConfigurations = (
				9C7460EA18F6CEDF00C09946 /* Debug */,
				9C7460EB18F6CEDF00C09946 /* Release */,
			);
			defaultConfigurationIsVisible = 0;
			defaultConfigurationName = Release;
		};
/* End XCConfigurationList section */
	};
	rootObject = 9C7460A918F6CEDB00C09946 /* Project object */;
}
